
Microsoft Visual Studio Solution File, Format Version 12.00
# Visual Studio Version 17
VisualStudioVersion = 17.11.35431.28
MinimumVisualStudioVersion = 10.0.40219.1
Project("{9A19103F-16F7-4668-BE54-9A1E7A4F7556}") = "ShellNavigationSample", "ShellNavigationSample\ShellNavigationSample.csproj", "{669A1F33-3D29-4A3C-93A4-98C00FADD9D5}"
EndProject
Project("{9A19103F-16F7-4668-BE54-9A1E7A4F7556}") = "ShellWithStaticInterfaceSample", "ShellWithStaticInterfaceSample\ShellWithStaticInterfaceSample.csproj", "{FD9F34D6-C3C4-43CE-9A00-A62A86D80E3A}"
EndProject
Project("{9A19103F-16F7-4668-BE54-9A1E7A4F7556}") = "TransientNavigationSample", "TransientNavigationSample\TransientNavigationSample.csproj", "{F9DCF063-386B-4992-8F60-73A1CDC42290}"
EndProject
Global
	GlobalSection(SolutionConfigurationPlatforms) = preSolution
		Debug|Any CPU = Debug|Any CPU
		Release|Any CPU = Release|Any CPU
	EndGlobalSection
	GlobalSection(ProjectConfigurationPlatforms) = postSolution
		{669A1F33-3D29-4A3C-93A4-98C00FADD9D5}.Debug|Any CPU.ActiveCfg = Debug|Any CPU
		{669A1F33-3D29-4A3C-93A4-98C00FADD9D5}.Debug|Any CPU.Build.0 = Debug|Any CPU
		{669A1F33-3D29-4A3C-93A4-98C00FADD9D5}.Debug|Any CPU.Deploy.0 = Debug|Any CPU
		{669A1F33-3D29-4A3C-93A4-98C00FADD9D5}.Release|Any CPU.ActiveCfg = Release|Any CPU
		{669A1F33-3D29-4A3C-93A4-98C00FADD9D5}.Release|Any CPU.Build.0 = Release|Any CPU
		{669A1F33-3D29-4A3C-93A4-98C00FADD9D5}.Release|Any CPU.Deploy.0 = Release|Any CPU
		{FD9F34D6-C3C4-43CE-9A00-A62A86D80E3A}.Debug|Any CPU.ActiveCfg = Debug|Any CPU
		{FD9F34D6-C3C4-43CE-9A00-A62A86D80E3A}.Debug|Any CPU.Build.0 = Debug|Any CPU
		{FD9F34D6-C3C4-43CE-9A00-A62A86D80E3A}.Debug|Any CPU.Deploy.0 = Debug|Any CPU
		{FD9F34D6-C3C4-43CE-9A00-A62A86D80E3A}.Release|Any CPU.ActiveCfg = Release|Any CPU
		{FD9F34D6-C3C4-43CE-9A00-A62A86D80E3A}.Release|Any CPU.Build.0 = Release|Any CPU
		{F9DCF063-386B-4992-8F60-73A1CDC42290}.Debug|Any CPU.ActiveCfg = Debug|Any CPU
		{F9DCF063-386B-4992-8F60-73A1CDC42290}.Debug|Any CPU.Build.0 = Debug|Any CPU
		{F9DCF063-386B-4992-8F60-73A1CDC42290}.Debug|Any CPU.Deploy.0 = Debug|Any CPU
		{F9DCF063-386B-4992-8F60-73A1CDC42290}.Release|Any CPU.ActiveCfg = Release|Any CPU
		{F9DCF063-386B-4992-8F60-73A1CDC42290}.Release|Any CPU.Build.0 = Release|Any CPU
		{F9DCF063-386B-4992-8F60-73A1CDC42290}.Release|Any CPU.Deploy.0 = Release|Any CPU
	EndGlobalSection
	GlobalSection(SolutionProperties) = preSolution
		HideSolutionNode = FALSE
	EndGlobalSection
	GlobalSection(ExtensibilityGlobals) = postSolution
		SolutionGuid = {AD7C4C01-C8A0-461D-94BA-AF27E051DEEE}
	EndGlobalSection
EndGlobal
